
Microsoft Visual Studio Solution File, Format Version 12.00
# Visual Studio Version 16
VisualStudioVersion = 16.0.30717.126
MinimumVisualStudioVersion = 10.0.40219.1
Project("{FAE04EC0-301F-11D3-BF4B-00C04F79EFBC}") = "GP", "GP.csproj", "{57F6E0E5-747B-44E2-8F89-CB80A6EF1688}"
EndProject
Global
	GlobalSection(SolutionConfigurationPlatforms) = preSolution
		Debug|Any CPU = Debug|Any CPU
		Release|Any CPU = Release|Any CPU
	EndGlobalSection
	GlobalSection(ProjectConfigurationPlatforms) = postSolution
		{57F6E0E5-747B-44E2-8F89-CB80A6EF1688}.Debug|Any CPU.ActiveCfg = Debug|Any CPU
		{57F6E0E5-747B-44E2-8F89-CB80A6EF1688}.Debug|Any CPU.Build.0 = Debug|Any CPU
		{57F6E0E5-747B-44E2-8F89-CB80A6EF1688}.Release|Any CPU.ActiveCfg = Release|Any CPU
		{57F6E0E5-747B-44E2-8F89-CB80A6EF1688}.Release|Any CPU.Build.0 = Release|Any CPU
	EndGlobalSection
	GlobalSection(SolutionProperties) = preSolution
		HideSolutionNode = FALSE
	EndGlobalSection
	GlobalSection(ExtensibilityGlobals) = postSolution
		SolutionGuid = {1F4CC17D-5D93-497D-8302-314F22F98440}
	EndGlobalSection
EndGlobal
